
Microsoft Visual Studio Solution File, Format Version 12.00
# Visual Studio Version 16
VisualStudioVersion = 16.0.31313.79
MinimumVisualStudioVersion = 10.0.40219.1
Project("{9A19103F-16F7-4668-BE54-9A1E7A4F7556}") = "BaristaApi", "BaristaApi.csproj", "{4E0C40F3-5BB8-4A7A-BC9B-024E05F34393}"
EndProject
Global
	GlobalSection(SolutionConfigurationPlatforms) = preSolution
		Debug|Any CPU = Debug|Any CPU
		Release|Any CPU = Release|Any CPU
	EndGlobalSection
	GlobalSection(ProjectConfigurationPlatforms) = postSolution
		{4E0C40F3-5BB8-4A7A-BC9B-024E05F34393}.Debug|Any CPU.ActiveCfg = Debug|Any CPU
		{4E0C40F3-5BB8-4A7A-BC9B-024E05F34393}.Debug|Any CPU.Build.0 = Debug|Any CPU
		{4E0C40F3-5BB8-4A7A-BC9B-024E05F34393}.Release|Any CPU.ActiveCfg = Release|Any CPU
		{4E0C40F3-5BB8-4A7A-BC9B-024E05F34393}.Release|Any CPU.Build.0 = Release|Any CPU
	EndGlobalSection
	GlobalSection(SolutionProperties) = preSolution
		HideSolutionNode = FALSE
	EndGlobalSection
	GlobalSection(ExtensibilityGlobals) = postSolution
		SolutionGuid = {076062E0-E280-4A96-99F8-1B6D522CB731}
	EndGlobalSection
EndGlobal
